
Microsoft Visual Studio Solution File, Format Version 12.00
# Visual Studio Version 17
VisualStudioVersion = 17.5.002.0
MinimumVisualStudioVersion = 10.0.40219.1
Project("{9A19103F-16F7-4668-BE54-9A1E7A4F7556}") = "ARMAN_DEMO", "ARMAN_DEMO.csproj", "{419A0CA1-8850-4698-8415-DB3A6FC8C604}"
EndProject
Global
	GlobalSection(SolutionConfigurationPlatforms) = preSolution
		Debug|Any CPU = Debug|Any CPU
		Release|Any CPU = Release|Any CPU
	EndGlobalSection
	GlobalSection(ProjectConfigurationPlatforms) = postSolution
		{419A0CA1-8850-4698-8415-DB3A6FC8C604}.Debug|Any CPU.ActiveCfg = Debug|Any CPU
		{419A0CA1-8850-4698-8415-DB3A6FC8C604}.Debug|Any CPU.Build.0 = Debug|Any CPU
		{419A0CA1-8850-4698-8415-DB3A6FC8C604}.Release|Any CPU.ActiveCfg = Release|Any CPU
		{419A0CA1-8850-4698-8415-DB3A6FC8C604}.Release|Any CPU.Build.0 = Release|Any CPU
	EndGlobalSection
	GlobalSection(SolutionProperties) = preSolution
		HideSolutionNode = FALSE
	EndGlobalSection
	GlobalSection(ExtensibilityGlobals) = postSolution
		SolutionGuid = {134391B4-8FCA-41B2-AC22-D51909058B6D}
	EndGlobalSection
EndGlobal
